// !$*UTF8*$!
{
	archiveVersion = 1;
	classes = {
	};
	objectVersion = 56;
	objects = {

/* Begin PBXBuildFile section */
		52491E782A9A2BF200C87F7A /* AppDelegate.swift in Sources */ = {isa = PBXBuildFile; fileRef = 52491E772A9A2BF200C87F7A /* AppDelegate.swift */; };
		52491E7A2A9A2BF200C87F7A /* SceneDelegate.swift in Sources */ = {isa = PBXBuildFile; fileRef = 52491E792A9A2BF200C87F7A /* SceneDelegate.swift */; };
		52491E7C2A9A2BF200C87F7A /* JocksViewController.swift in Sources */ = {isa = PBXBuildFile; fileRef = 52491E7B2A9A2BF200C87F7A /* JocksViewController.swift */; };
		52491E812A9A2BF500C87F7A /* Assets.xcassets in Resources */ = {isa = PBXBuildFile; fileRef = 52491E802A9A2BF500C87F7A /* Assets.xcassets */; };
		52491E8D2A9A2FF300C87F7A /* JocksTableCell.swift in Sources */ = {isa = PBXBuildFile; fileRef = 52491E8C2A9A2FF300C87F7A /* JocksTableCell.swift */; };
		52491E8F2A9A35B900C87F7A /* JocksPresenter.swift in Sources */ = {isa = PBXBuildFile; fileRef = 52491E8E2A9A35B900C87F7A /* JocksPresenter.swift */; };
		52491E932A9A3B7D00C87F7A /* JokesPresenterType.swift in Sources */ = {isa = PBXBuildFile; fileRef = 52491E922A9A3B7D00C87F7A /* JokesPresenterType.swift */; };
		52491E962A9A3C3B00C87F7A /* JokesService.swift in Sources */ = {isa = PBXBuildFile; fileRef = 52491E952A9A3C3B00C87F7A /* JokesService.swift */; };
		52491E982A9A48AF00C87F7A /* Joke.swift in Sources */ = {isa = PBXBuildFile; fileRef = 52491E972A9A48AF00C87F7A /* Joke.swift */; };
		52491E9C2A9A5CB700C87F7A /* TimerService.swift in Sources */ = {isa = PBXBuildFile; fileRef = 52491E9B2A9A5CB700C87F7A /* TimerService.swift */; };
		52491E9E2A9A665C00C87F7A /* StorageService.swift in Sources */ = {isa = PBXBuildFile; fileRef = 52491E9D2A9A665C00C87F7A /* StorageService.swift */; };
/* End PBXBuildFile section */

/* Begin PBXFileReference section */
		52491E742A9A2BF200C87F7A /* UnlimitTest.app */ = {isa = PBXFileReference; explicitFileType = wrapper.application; includeInIndex = 0; path = UnlimitTest.app; sourceTree = BUILT_PRODUCTS_DIR; };
		52491E772A9A2BF200C87F7A /* AppDelegate.swift */ = {isa = PBXFileReference; lastKnownFileType = sourcecode.swift; path = AppDelegate.swift; sourceTree = "<group>"; };
		52491E792A9A2BF200C87F7A /* SceneDelegate.swift */ = {isa = PBXFileReference; lastKnownFileType = sourcecode.swift; path = SceneDelegate.swift; sourceTree = "<group>"; };
		52491E7B2A9A2BF200C87F7A /* JocksViewController.swift */ = {isa = PBXFileReference; lastKnownFileType = sourcecode.swift; path = JocksViewController.swift; sourceTree = "<group>"; };
		52491E802A9A2BF500C87F7A /* Assets.xcassets */ = {isa = PBXFileReference; lastKnownFileType = folder.assetcatalog; path = Assets.xcassets; sourceTree = "<group>"; };
		52491E852A9A2BF500C87F7A /* Info.plist */ = {isa = PBXFileReference; lastKnownFileType = text.plist.xml; path = Info.plist; sourceTree = "<group>"; };
		52491E8C2A9A2FF300C87F7A /* JocksTableCell.swift */ = {isa = PBXFileReference; lastKnownFileType = sourcecode.swift; path = JocksTableCell.swift; sourceTree = "<group>"; };
		52491E8E2A9A35B900C87F7A /* JocksPresenter.swift */ = {isa = PBXFileReference; lastKnownFileType = sourcecode.swift; path = JocksPresenter.swift; sourceTree = "<group>"; };
		52491E922A9A3B7D00C87F7A /* JokesPresenterType.swift */ = {isa = PBXFileReference; lastKnownFileType = sourcecode.swift; path = JokesPresenterType.swift; sourceTree = "<group>"; };
		52491E952A9A3C3B00C87F7A /* JokesService.swift */ = {isa = PBXFileReference; lastKnownFileType = sourcecode.swift; path = JokesService.swift; sourceTree = "<group>"; };
		52491E972A9A48AF00C87F7A /* Joke.swift */ = {isa = PBXFileReference; lastKnownFileType = sourcecode.swift; path = Joke.swift; sourceTree = "<group>"; };
		52491E9B2A9A5CB700C87F7A /* TimerService.swift */ = {isa = PBXFileReference; lastKnownFileType = sourcecode.swift; path = TimerService.swift; sourceTree = "<group>"; };
		52491E9D2A9A665C00C87F7A /* StorageService.swift */ = {isa = PBXFileReference; lastKnownFileType = sourcecode.swift; path = StorageService.swift; sourceTree = "<group>"; };
/* End PBXFileReference section */

/* Begin PBXFrameworksBuildPhase section */
		52491E712A9A2BF200C87F7A /* Frameworks */ = {
			isa = PBXFrameworksBuildPhase;
			buildActionMask = 2147483647;
			files = (
			);
			runOnlyForDeploymentPostprocessing = 0;
		};
/* End PBXFrameworksBuildPhase section */

/* Begin PBXGroup section */
		52491E6B2A9A2BF200C87F7A = {
			isa = PBXGroup;
			children = (
				52491E762A9A2BF200C87F7A /* UnlimitTest */,
				52491E752A9A2BF200C87F7A /* Products */,
			);
			sourceTree = "<group>";
		};
		52491E752A9A2BF200C87F7A /* Products */ = {
			isa = PBXGroup;
			children = (
				52491E742A9A2BF200C87F7A /* UnlimitTest.app */,
			);
			name = Products;
			sourceTree = "<group>";
		};
		52491E762A9A2BF200C87F7A /* UnlimitTest */ = {
			isa = PBXGroup;
			children = (
				52491E772A9A2BF200C87F7A /* AppDelegate.swift */,
				52491E792A9A2BF200C87F7A /* SceneDelegate.swift */,
				52491E8B2A9A2FAD00C87F7A /* Jocks */,
				52491E802A9A2BF500C87F7A /* Assets.xcassets */,
				52491E852A9A2BF500C87F7A /* Info.plist */,
			);
			path = UnlimitTest;
			sourceTree = "<group>";
		};
		52491E8B2A9A2FAD00C87F7A /* Jocks */ = {
			isa = PBXGroup;
			children = (
				52491E9A2A9A48CC00C87F7A /* Model */,
				52491E912A9A3B6700C87F7A /* View */,
				52491E902A9A3B5300C87F7A /* Presenter */,
				52491E942A9A3C1600C87F7A /* Service */,
			);
			path = Jocks;
			sourceTree = "<group>";
		};
		52491E902A9A3B5300C87F7A /* Presenter */ = {
			isa = PBXGroup;
			children = (
				52491E8E2A9A35B900C87F7A /* JocksPresenter.swift */,
				52491E922A9A3B7D00C87F7A /* JokesPresenterType.swift */,
			);
			path = Presenter;
			sourceTree = "<group>";
		};
		52491E912A9A3B6700C87F7A /* View */ = {
			isa = PBXGroup;
			children = (
				52491E7B2A9A2BF200C87F7A /* JocksViewController.swift */,
				52491E8C2A9A2FF300C87F7A /* JocksTableCell.swift */,
			);
			path = View;
			sourceTree = "<group>";
		};
		52491E942A9A3C1600C87F7A /* Service */ = {
			isa = PBXGroup;
			children = (
				52491E952A9A3C3B00C87F7A /* JokesService.swift */,
				52491E9B2A9A5CB700C87F7A /* TimerService.swift */,
				52491E9D2A9A665C00C87F7A /* StorageService.swift */,
			);
			path = Service;
			sourceTree = "<group>";
		};
		52491E9A2A9A48CC00C87F7A /* Model */ = {
			isa = PBXGroup;
			children = (
				52491E972A9A48AF00C87F7A /* Joke.swift */,
			);
			path = Model;
			sourceTree = "<group>";
		};
/* End PBXGroup section */

/* Begin PBXNativeTarget section */
		52491E732A9A2BF200C87F7A /* UnlimitTest */ = {
			isa = PBXNativeTarget;
			buildConfigurationList = 52491E882A9A2BF500C87F7A /* Build configuration list for PBXNativeTarget "UnlimitTest" */;
			buildPhases = (
				52491E702A9A2BF200C87F7A /* Sources */,
				52491E712A9A2BF200C87F7A /* Frameworks */,
				52491E722A9A2BF200C87F7A /* Resources */,
			);
			buildRules = (
			);
			dependencies = (
			);
			name = UnlimitTest;
			productName = UnlimitTest;
			productReference = 52491E742A9A2BF200C87F7A /* UnlimitTest.app */;
			productType = "com.apple.product-type.application";
		};
/* End PBXNativeTarget section */

/* Begin PBXProject section */
		52491E6C2A9A2BF200C87F7A /* Project object */ = {
			isa = PBXProject;
			attributes = {
				BuildIndependentTargetsInParallel = 1;
				LastSwiftUpdateCheck = 1500;
				LastUpgradeCheck = 1500;
				TargetAttributes = {
					52491E732A9A2BF200C87F7A = {
						CreatedOnToolsVersion = 15.0;
					};
				};
			};
			buildConfigurationList = 52491E6F2A9A2BF200C87F7A /* Build configuration list for PBXProject "UnlimitTest" */;
			compatibilityVersion = "Xcode 14.0";
			developmentRegion = en;
			hasScannedForEncodings = 0;
			knownRegions = (
				en,
				Base,
			);
			mainGroup = 52491E6B2A9A2BF200C87F7A;
			productRefGroup = 52491E752A9A2BF200C87F7A /* Products */;
			projectDirPath = "";
			projectRoot = "";
			targets = (
				52491E732A9A2BF200C87F7A /* UnlimitTest */,
			);
		};
/* End PBXProject section */

/* Begin PBXResourcesBuildPhase section */
		52491E722A9A2BF200C87F7A /* Resources */ = {
			isa = PBXResourcesBuildPhase;
			buildActionMask = 2147483647;
			files = (
				52491E812A9A2BF500C87F7A /* Assets.xcassets in Resources */,
			);
			runOnlyForDeploymentPostprocessing = 0;
		};
/* End PBXResourcesBuildPhase section */

/* Begin PBXSourcesBuildPhase section */
		52491E702A9A2BF200C87F7A /* Sources */ = {
			isa = PBXSourcesBuildPhase;
			buildActionMask = 2147483647;
			files = (
				52491E7C2A9A2BF200C87F7A /* JocksViewController.swift in Sources */,
				52491E962A9A3C3B00C87F7A /* JokesService.swift in Sources */,
				52491E932A9A3B7D00C87F7A /* JokesPresenterType.swift in Sources */,
				52491E9C2A9A5CB700C87F7A /* TimerService.swift in Sources */,
				52491E8F2A9A35B900C87F7A /* JocksPresenter.swift in Sources */,
				52491E9E2A9A665C00C87F7A /* StorageService.swift in Sources */,
				52491E8D2A9A2FF300C87F7A /* JocksTableCell.swift in Sources */,
				52491E782A9A2BF200C87F7A /* AppDelegate.swift in Sources */,
				52491E982A9A48AF00C87F7A /* Joke.swift in Sources */,
				52491E7A2A9A2BF200C87F7A /* SceneDelegate.swift in Sources */,
			);
			runOnlyForDeploymentPostprocessing = 0;
		};
/* End PBXSourcesBuildPhase section */

/* Begin XCBuildConfiguration section */
		52491E862A9A2BF500C87F7A /* Debug */ = {
			isa = XCBuildConfiguration;
			buildSettings = {
				ALWAYS_SEARCH_USER_PATHS = NO;
				ASSETCATALOG_COMPILER_GENERATE_SWIFT_ASSET_SYMBOL_EXTENSIONS = YES;
				CLANG_ANALYZER_NONNULL = YES;
				CLANG_ANALYZER_NUMBER_OBJECT_CONVERSION = YES_AGGRESSIVE;
				CLANG_CXX_LANGUAGE_STANDARD = "gnu++20";
				CLANG_ENABLE_MODULES = YES;
				CLANG_ENABLE_OBJC_ARC = YES;
				CLANG_ENABLE_OBJC_WEAK = YES;
				CLANG_WARN_BLOCK_CAPTURE_AUTORELEASING = YES;
				CLANG_WARN_BOOL_CONVERSION = YES;
				CLANG_WARN_COMMA = YES;
				CLANG_WARN_CONSTANT_CONVERSION = YES;
				CLANG_WARN_DEPRECATED_OBJC_IMPLEMENTATIONS = YES;
				CLANG_WARN_DIRECT_OBJC_ISA_USAGE = YES_ERROR;
				CLANG_WARN_DOCUMENTATION_COMMENTS = YES;
				CLANG_WARN_EMPTY_BODY = YES;
				CLANG_WARN_ENUM_CONVERSION = YES;
				CLANG_WARN_INFINITE_RECURSION = YES;
				CLANG_WARN_INT_CONVERSION = YES;
				CLANG_WARN_NON_LITERAL_NULL_CONVERSION = YES;
				CLANG_WARN_OBJC_IMPLICIT_RETAIN_SELF = YES;
				CLANG_WARN_OBJC_LITERAL_CONVERSION = YES;
				CLANG_WARN_OBJC_ROOT_CLASS = YES_ERROR;
				CLANG_WARN_QUOTED_INCLUDE_IN_FRAMEWORK_HEADER = YES;
				CLANG_WARN_RANGE_LOOP_ANALYSIS = YES;
				CLANG_WARN_STRICT_PROTOTYPES = YES;
				CLANG_WARN_SUSPICIOUS_MOVE = YES;
				CLANG_WARN_UNGUARDED_AVAILABILITY = YES_AGGRESSIVE;
				CLANG_WARN_UNREACHABLE_CODE = YES;
				CLANG_WARN__DUPLICATE_METHOD_MATCH = YES;
				COPY_PHASE_STRIP = NO;
				DEBUG_INFORMATION_FORMAT = dwarf;
				ENABLE_STRICT_OBJC_MSGSEND = YES;
				ENABLE_TESTABILITY = YES;
				ENABLE_USER_SCRIPT_SANDBOXING = YES;
				GCC_C_LANGUAGE_STANDARD = gnu17;
				GCC_DYNAMIC_NO_PIC = NO;
				GCC_NO_COMMON_BLOCKS = YES;
				GCC_OPTIMIZATION_LEVEL = 0;
				GCC_PREPROCESSOR_DEFINITIONS = (
					"DEBUG=1",
					"$(inherited)",
				);
				GCC_WARN_64_TO_32_BIT_CONVERSION = YES;
				GCC_WARN_ABOUT_RETURN_TYPE = YES_ERROR;
				GCC_WARN_UNDECLARED_SELECTOR = YES;
				GCC_WARN_UNINITIALIZED_AUTOS = YES_AGGRESSIVE;
				GCC_WARN_UNUSED_FUNCTION = YES;
				GCC_WARN_UNUSED_VARIABLE = YES;
				IPHONEOS_DEPLOYMENT_TARGET = 17.0;
				LOCALIZATION_PREFERS_STRING_CATALOGS = YES;
				MTL_ENABLE_DEBUG_INFO = INCLUDE_SOURCE;
				MTL_FAST_MATH = YES;
				ONLY_ACTIVE_ARCH = YES;
				SDKROOT = iphoneos;
				SWIFT_ACTIVE_COMPILATION_CONDITIONS = "DEBUG $(inherited)";
				SWIFT_OPTIMIZATION_LEVEL = "-Onone";
			};
			name = Debug;
		};
		52491E872A9A2BF500C87F7A /* Release */ = {
			isa = XCBuildConfiguration;
			buildSettings = {
				ALWAYS_SEARCH_USER_PATHS = NO;
				ASSETCATALOG_COMPILER_GENERATE_SWIFT_ASSET_SYMBOL_EXTENSIONS = YES;
				CLANG_ANALYZER_NONNULL = YES;
				CLANG_ANALYZER_NUMBER_OBJECT_CONVERSION = YES_AGGRESSIVE;
				CLANG_CXX_LANGUAGE_STANDARD = "gnu++20";
				CLANG_ENABLE_MODULES = YES;
				CLANG_ENABLE_OBJC_ARC = YES;
				CLANG_ENABLE_OBJC_WEAK = YES;
				CLANG_WARN_BLOCK_CAPTURE_AUTORELEASING = YES;
				CLANG_WARN_BOOL_CONVERSION = YES;
				CLANG_WARN_COMMA = YES;
				CLANG_WARN_CONSTANT_CONVERSION = YES;
				CLANG_WARN_DEPRECATED_OBJC_IMPLEMENTATIONS = YES;
				CLANG_WARN_DIRECT_OBJC_ISA_USAGE = YES_ERROR;
				CLANG_WARN_DOCUMENTATION_COMMENTS = YES;
				CLANG_WARN_EMPTY_BODY = YES;
				CLANG_WARN_ENUM_CONVERSION = YES;
				CLANG_WARN_INFINITE_RECURSION = YES;
				CLANG_WARN_INT_CONVERSION = YES;
				CLANG_WARN_NON_LITERAL_NULL_CONVERSION = YES;
				CLANG_WARN_OBJC_IMPLICIT_RETAIN_SELF = YES;
				CLANG_WARN_OBJC_LITERAL_CONVERSION = YES;
				CLANG_WARN_OBJC_ROOT_CLASS = YES_ERROR;
				CLANG_WARN_QUOTED_INCLUDE_IN_FRAMEWORK_HEADER = YES;
				CLANG_WARN_RANGE_LOOP_ANALYSIS = YES;
				CLANG_WARN_STRICT_PROTOTYPES = YES;
				CLANG_WARN_SUSPICIOUS_MOVE = YES;
				CLANG_WARN_UNGUARDED_AVAILABILITY = YES_AGGRESSIVE;
				CLANG_WARN_UNREACHABLE_CODE = YES;
				CLANG_WARN__DUPLICATE_METHOD_MATCH = YES;
				COPY_PHASE_STRIP = NO;
				DEBUG_INFORMATION_FORMAT = "dwarf-with-dsym";
				ENABLE_NS_ASSERTIONS = NO;
				ENABLE_STRICT_OBJC_MSGSEND = YES;
				ENABLE_USER_SCRIPT_SANDBOXING = YES;
				GCC_C_LANGUAGE_STANDARD = gnu17;
				GCC_NO_COMMON_BLOCKS = YES;
				GCC_WARN_64_TO_32_BIT_CONVERSION = YES;
				GCC_WARN_ABOUT_RETURN_TYPE = YES_ERROR;
				GCC_WARN_UNDECLARED_SELECTOR = YES;
				GCC_WARN_UNINITIALIZED_AUTOS = YES_AGGRESSIVE;
				GCC_WARN_UNUSED_FUNCTION = YES;
				GCC_WARN_UNUSED_VARIABLE = YES;
				IPHONEOS_DEPLOYMENT_TARGET = 17.0;
				LOCALIZATION_PREFERS_STRING_CATALOGS = YES;
				MTL_ENABLE_DEBUG_INFO = NO;
				MTL_FAST_MATH = YES;
				SDKROOT = iphoneos;
				SWIFT_COMPILATION_MODE = wholemodule;
				VALIDATE_PRODUCT = YES;
			};
			name = Release;
		};
		52491E892A9A2BF500C87F7A /* Debug */ = {
			isa = XCBuildConfiguration;
			buildSettings = {
				ASSETCATALOG_COMPILER_APPICON_NAME = AppIcon;
				ASSETCATALOG_COMPILER_GLOBAL_ACCENT_COLOR_NAME = AccentColor;
				CODE_SIGN_STYLE = Automatic;
				CURRENT_PROJECT_VERSION = 1;
				DEVELOPMENT_TEAM = 2HPU745BHL;
				GENERATE_INFOPLIST_FILE = YES;
				INFOPLIST_FILE = UnlimitTest/Info.plist;
				INFOPLIST_KEY_UIApplicationSupportsIndirectInputEvents = YES;
				INFOPLIST_KEY_UILaunchStoryboardName = LaunchScreen;
				INFOPLIST_KEY_UISupportedInterfaceOrientations = UIInterfaceOrientationPortrait;
				LD_RUNPATH_SEARCH_PATHS = (
					"$(inherited)",
					"@executable_path/Frameworks",
				);
				MARKETING_VERSION = 1.0;
				PRODUCT_BUNDLE_IDENTIFIER = abc.example.com.UnlimitTest;
				PRODUCT_NAME = "$(TARGET_NAME)";
				SWIFT_EMIT_LOC_STRINGS = YES;
				SWIFT_VERSION = 5.0;
				TARGETED_DEVICE_FAMILY = "1,2";
			};
			name = Debug;
		};
		52491E8A2A9A2BF500C87F7A /* Release */ = {
			isa = XCBuildConfiguration;
			buildSettings = {
				ASSETCATALOG_COMPILER_APPICON_NAME = AppIcon;
				ASSETCATALOG_COMPILER_GLOBAL_ACCENT_COLOR_NAME = AccentColor;
				CODE_SIGN_STYLE = Automatic;
				CURRENT_PROJECT_VERSION = 1;
				DEVELOPMENT_TEAM = 2HPU745BHL;
				GENERATE_INFOPLIST_FILE = YES;
				INFOPLIST_FILE = UnlimitTest/Info.plist;
				INFOPLIST_KEY_UIApplicationSupportsIndirectInputEvents = YES;
				INFOPLIST_KEY_UILaunchStoryboardName = LaunchScreen;
				INFOPLIST_KEY_UISupportedInterfaceOrientations = UIInterfaceOrientationPortrait;
				LD_RUNPATH_SEARCH_PATHS = (
					"$(inherited)",
					"@executable_path/Frameworks",
				);
				MARKETING_VERSION = 1.0;
				PRODUCT_BUNDLE_IDENTIFIER = abc.example.com.UnlimitTest;
				PRODUCT_NAME = "$(TARGET_NAME)";
				SWIFT_EMIT_LOC_STRINGS = YES;
				SWIFT_VERSION = 5.0;
				TARGETED_DEVICE_FAMILY = "1,2";
			};
			name = Release;
		};
/* End XCBuildConfiguration section */

/* Begin XCConfigurationList section */
		52491E6F2A9A2BF200C87F7A /* Build configuration list for PBXProject "UnlimitTest" */ = {
			isa = XCConfigurationList;
			buildConfigurations = (
				52491E862A9A2BF500C87F7A /* Debug */,
				52491E872A9A2BF500C87F7A /* Release */,
			);
			defaultConfigurationIsVisible = 0;
			defaultConfigurationName = Release;
		};
		52491E882A9A2BF500C87F7A /* Build configuration list for PBXNativeTarget "UnlimitTest" */ = {
			isa = XCConfigurationList;
			buildConfigurations = (
				52491E892A9A2BF500C87F7A /* Debug */,
				52491E8A2A9A2BF500C87F7A /* Release */,
			);
			defaultConfigurationIsVisible = 0;
			defaultConfigurationName = Release;
		};
/* End XCConfigurationList section */
	};
	rootObject = 52491E6C2A9A2BF200C87F7A /* Project object */;
}
